
Microsoft Visual Studio Solution File, Format Version 12.00
# Visual Studio 2012
Project("{FAE04EC0-301F-11D3-BF4B-00C04F79EFBC}") = "ChallengeApp", "ChallengeApp\ChallengeApp.csproj", "{E40E39D8-4ABD-4A25-A87C-5759CCFD6E27}"
EndProject
Global
	GlobalSection(SolutionConfigurationPlatforms) = preSolution
		Debug|Any CPU = Debug|Any CPU
		Release|Any CPU = Release|Any CPU
	EndGlobalSection
	GlobalSection(ProjectConfigurationPlatforms) = postSolution
		{E40E39D8-4ABD-4A25-A87C-5759CCFD6E27}.Debug|Any CPU.ActiveCfg = Debug|Any CPU
		{E40E39D8-4ABD-4A25-A87C-5759CCFD6E27}.Debug|Any CPU.Build.0 = Debug|Any CPU
		{E40E39D8-4ABD-4A25-A87C-5759CCFD6E27}.Release|Any CPU.ActiveCfg = Release|Any CPU
		{E40E39D8-4ABD-4A25-A87C-5759CCFD6E27}.Release|Any CPU.Build.0 = Release|Any CPU
	EndGlobalSection
	GlobalSection(SolutionProperties) = preSolution
		HideSolutionNode = FALSE
	EndGlobalSection
EndGlobal
